
Microsoft Visual Studio Solution File, Format Version 12.00
# Visual Studio Version 16
VisualStudioVersion = 16.0.30907.101
MinimumVisualStudioVersion = 10.0.40219.1
Project("{8BC9CEB8-8B4A-11D0-8D11-00A0C91BC942}") = "Disable Task Manager", "Disable Task Manager\Disable Task Manager.vcxproj", "{BEAAA311-534A-4BAC-BA60-322148938037}"
EndProject
Global
	GlobalSection(SolutionConfigurationPlatforms) = preSolution
		Debug|x64 = Debug|x64
		Debug|x86 = Debug|x86
		Release|x64 = Release|x64
		Release|x86 = Release|x86
	EndGlobalSection
	GlobalSection(ProjectConfigurationPlatforms) = postSolution
		{BEAAA311-534A-4BAC-BA60-322148938037}.Debug|x64.ActiveCfg = Debug|x64
		{BEAAA311-534A-4BAC-BA60-322148938037}.Debug|x64.Build.0 = Debug|x64
		{BEAAA311-534A-4BAC-BA60-322148938037}.Debug|x86.ActiveCfg = Debug|Win32
		{BEAAA311-534A-4BAC-BA60-322148938037}.Debug|x86.Build.0 = Debug|Win32
		{BEAAA311-534A-4BAC-BA60-322148938037}.Release|x64.ActiveCfg = Release|x64
		{BEAAA311-534A-4BAC-BA60-322148938037}.Release|x64.Build.0 = Release|x64
		{BEAAA311-534A-4BAC-BA60-322148938037}.Release|x86.ActiveCfg = Release|Win32
		{BEAAA311-534A-4BAC-BA60-322148938037}.Release|x86.Build.0 = Release|Win32
	EndGlobalSection
	GlobalSection(SolutionProperties) = preSolution
		HideSolutionNode = FALSE
	EndGlobalSection
	GlobalSection(ExtensibilityGlobals) = postSolution
		SolutionGuid = {98B44233-5F1A-4AAB-8D36-9C20EBA4137F}
	EndGlobalSection
EndGlobal
